// !$*UTF8*$!
{
	archiveVersion = 1;
	classes = {
	};
	objectVersion = 46;
	objects = {

/* Begin PBXBuildFile section */
		07C513E819D565D300664D33 /* main.m in Sources */ = {isa = PBXBuildFile; fileRef = 07C513E719D565D300664D33 /* main.m */; };
		07C513EB19D565D300664D33 /* AppDelegate.m in Sources */ = {isa = PBXBuildFile; fileRef = 07C513EA19D565D300664D33 /* AppDelegate.m */; };
		07C513EE19D565D300664D33 /* FirstViewController.m in Sources */ = {isa = PBXBuildFile; fileRef = 07C513ED19D565D300664D33 /* FirstViewController.m */; };
		07C513F119D565D300664D33 /* SecondViewController.m in Sources */ = {isa = PBXBuildFile; fileRef = 07C513F019D565D300664D33 /* SecondViewController.m */; };
		07C513F419D565D300664D33 /* Main.storyboard in Resources */ = {isa = PBXBuildFile; fileRef = 07C513F219D565D300664D33 /* Main.storyboard */; };
		07C513F619D565D300664D33 /* Images.xcassets in Resources */ = {isa = PBXBuildFile; fileRef = 07C513F519D565D300664D33 /* Images.xcassets */; };
		07C513F919D565D300664D33 /* LaunchScreen.xib in Resources */ = {isa = PBXBuildFile; fileRef = 07C513F719D565D300664D33 /* LaunchScreen.xib */; };
		07C5140519D565D400664D33 /* ciAppTests.m in Sources */ = {isa = PBXBuildFile; fileRef = 07C5140419D565D400664D33 /* ciAppTests.m */; };
/* End PBXBuildFile section */

/* Begin PBXContainerItemProxy section */
		07C513FF19D565D400664D33 /* PBXContainerItemProxy */ = {
			isa = PBXContainerItemProxy;
			containerPortal = 07C513DA19D565D300664D33 /* Project object */;
			proxyType = 1;
			remoteGlobalIDString = 07C513E119D565D300664D33;
			remoteInfo = ciApp;
		};
/* End PBXContainerItemProxy section */

/* Begin PBXFileReference section */
		07C513E219D565D300664D33 /* ciApp.app */ = {isa = PBXFileReference; explicitFileType = wrapper.application; includeInIndex = 0; path = ciApp.app; sourceTree = BUILT_PRODUCTS_DIR; };
		07C513E619D565D300664D33 /* Info.plist */ = {isa = PBXFileReference; lastKnownFileType = text.plist.xml; path = Info.plist; sourceTree = "<group>"; };
		07C513E719D565D300664D33 /* main.m */ = {isa = PBXFileReference; lastKnownFileType = sourcecode.c.objc; path = main.m; sourceTree = "<group>"; };
		07C513E919D565D300664D33 /* AppDelegate.h */ = {isa = PBXFileReference; lastKnownFileType = sourcecode.c.h; path = AppDelegate.h; sourceTree = "<group>"; };
		07C513EA19D565D300664D33 /* AppDelegate.m */ = {isa = PBXFileReference; lastKnownFileType = sourcecode.c.objc; path = AppDelegate.m; sourceTree = "<group>"; };
		07C513EC19D565D300664D33 /* FirstViewController.h */ = {isa = PBXFileReference; lastKnownFileType = sourcecode.c.h; path = FirstViewController.h; sourceTree = "<group>"; };
		07C513ED19D565D300664D33 /* FirstViewController.m */ = {isa = PBXFileReference; lastKnownFileType = sourcecode.c.objc; path = FirstViewController.m; sourceTree = "<group>"; };
		07C513EF19D565D300664D33 /* SecondViewController.h */ = {isa = PBXFileReference; lastKnownFileType = sourcecode.c.h; path = SecondViewController.h; sourceTree = "<group>"; };
		07C513F019D565D300664D33 /* SecondViewController.m */ = {isa = PBXFileReference; lastKnownFileType = sourcecode.c.objc; path = SecondViewController.m; sourceTree = "<group>"; };
		07C513F319D565D300664D33 /* Base */ = {isa = PBXFileReference; lastKnownFileType = file.storyboard; name = Base; path = Base.lproj/Main.storyboard; sourceTree = "<group>"; };
		07C513F519D565D300664D33 /* Images.xcassets */ = {isa = PBXFileReference; lastKnownFileType = folder.assetcatalog; path = Images.xcassets; sourceTree = "<group>"; };
		07C513F819D565D300664D33 /* Base */ = {isa = PBXFileReference; lastKnownFileType = file.xib; name = Base; path = Base.lproj/LaunchScreen.xib; sourceTree = "<group>"; };
		07C513FE19D565D400664D33 /* ciAppTests.xctest */ = {isa = PBXFileReference; explicitFileType = wrapper.cfbundle; includeInIndex = 0; path = ciAppTests.xctest; sourceTree = BUILT_PRODUCTS_DIR; };
		07C5140319D565D400664D33 /* Info.plist */ = {isa = PBXFileReference; lastKnownFileType = text.plist.xml; path = Info.plist; sourceTree = "<group>"; };
		07C5140419D565D400664D33 /* ciAppTests.m */ = {isa = PBXFileReference; lastKnownFileType = sourcecode.c.objc; path = ciAppTests.m; sourceTree = "<group>"; };
/* End PBXFileReference section */

/* Begin PBXFrameworksBuildPhase section */
		07C513DF19D565D300664D33 /* Frameworks */ = {
			isa = PBXFrameworksBuildPhase;
			buildActionMask = 2147483647;
			files = (
			);
			runOnlyForDeploymentPostprocessing = 0;
		};
		07C513FB19D565D400664D33 /* Frameworks */ = {
			isa = PBXFrameworksBuildPhase;
			buildActionMask = 2147483647;
			files = (
			);
			runOnlyForDeploymentPostprocessing = 0;
		};
/* End PBXFrameworksBuildPhase section */

/* Begin PBXGroup section */
		07C513D919D565D300664D33 = {
			isa = PBXGroup;
			children = (
				07C513E419D565D300664D33 /* ciApp */,
				07C5140119D565D400664D33 /* ciAppTests */,
				07C513E319D565D300664D33 /* Products */,
			);
			sourceTree = "<group>";
		};
		07C513E319D565D300664D33 /* Products */ = {
			isa = PBXGroup;
			children = (
				07C513E219D565D300664D33 /* ciApp.app */,
				07C513FE19D565D400664D33 /* ciAppTests.xctest */,
			);
			name = Products;
			sourceTree = "<group>";
		};
		07C513E419D565D300664D33 /* ciApp */ = {
			isa = PBXGroup;
			children = (
				07C513E919D565D300664D33 /* AppDelegate.h */,
				07C513EA19D565D300664D33 /* AppDelegate.m */,
				07C513EC19D565D300664D33 /* FirstViewController.h */,
				07C513ED19D565D300664D33 /* FirstViewController.m */,
				07C513EF19D565D300664D33 /* SecondViewController.h */,
				07C513F019D565D300664D33 /* SecondViewController.m */,
				07C513F219D565D300664D33 /* Main.storyboard */,
				07C513F519D565D300664D33 /* Images.xcassets */,
				07C513F719D565D300664D33 /* LaunchScreen.xib */,
				07C513E519D565D300664D33 /* Supporting Files */,
			);
			path = ciApp;
			sourceTree = "<group>";
		};
		07C513E519D565D300664D33 /* Supporting Files */ = {
			isa = PBXGroup;
			children = (
				07C513E619D565D300664D33 /* Info.plist */,
				07C513E719D565D300664D33 /* main.m */,
			);
			name = "Supporting Files";
			sourceTree = "<group>";
		};
		07C5140119D565D400664D33 /* ciAppTests */ = {
			isa = PBXGroup;
			children = (
				07C5140419D565D400664D33 /* ciAppTests.m */,
				07C5140219D565D400664D33 /* Supporting Files */,
			);
			path = ciAppTests;
			sourceTree = "<group>";
		};
		07C5140219D565D400664D33 /* Supporting Files */ = {
			isa = PBXGroup;
			children = (
				07C5140319D565D400664D33 /* Info.plist */,
			);
			name = "Supporting Files";
			sourceTree = "<group>";
		};
/* End PBXGroup section */

/* Begin PBXNativeTarget section */
		07C513E119D565D300664D33 /* ciApp */ = {
			isa = PBXNativeTarget;
			buildConfigurationList = 07C5140819D565D400664D33 /* Build configuration list for PBXNativeTarget "ciApp" */;
			buildPhases = (
				07C513DE19D565D300664D33 /* Sources */,
				07C513DF19D565D300664D33 /* Frameworks */,
				07C513E019D565D300664D33 /* Resources */,
			);
			buildRules = (
			);
			dependencies = (
			);
			name = ciApp;
			productName = ciApp;
			productReference = 07C513E219D565D300664D33 /* ciApp.app */;
			productType = "com.apple.product-type.application";
		};
		07C513FD19D565D400664D33 /* ciAppTests */ = {
			isa = PBXNativeTarget;
			buildConfigurationList = 07C5140B19D565D400664D33 /* Build configuration list for PBXNativeTarget "ciAppTests" */;
			buildPhases = (
				07C513FA19D565D400664D33 /* Sources */,
				07C513FB19D565D400664D33 /* Frameworks */,
				07C513FC19D565D400664D33 /* Resources */,
			);
			buildRules = (
			);
			dependencies = (
				07C5140019D565D400664D33 /* PBXTargetDependency */,
			);
			name = ciAppTests;
			productName = ciAppTests;
			productReference = 07C513FE19D565D400664D33 /* ciAppTests.xctest */;
			productType = "com.apple.product-type.bundle.unit-test";
		};
/* End PBXNativeTarget section */

/* Begin PBXProject section */
		07C513DA19D565D300664D33 /* Project object */ = {
			isa = PBXProject;
			attributes = {
				LastUpgradeCheck = 0610;
				ORGANIZATIONNAME = eric;
				TargetAttributes = {
					07C513E119D565D300664D33 = {
						CreatedOnToolsVersion = 6.1;
					};
					07C513FD19D565D400664D33 = {
						CreatedOnToolsVersion = 6.1;
						TestTargetID = 07C513E119D565D300664D33;
					};
				};
			};
			buildConfigurationList = 07C513DD19D565D300664D33 /* Build configuration list for PBXProject "ciApp" */;
			compatibilityVersion = "Xcode 3.2";
			developmentRegion = English;
			hasScannedForEncodings = 0;
			knownRegions = (
				en,
				Base,
			);
			mainGroup = 07C513D919D565D300664D33;
			productRefGroup = 07C513E319D565D300664D33 /* Products */;
			projectDirPath = "";
			projectRoot = "";
			targets = (
				07C513E119D565D300664D33 /* ciApp */,
				07C513FD19D565D400664D33 /* ciAppTests */,
			);
		};
/* End PBXProject section */

/* Begin PBXResourcesBuildPhase section */
		07C513E019D565D300664D33 /* Resources */ = {
			isa = PBXResourcesBuildPhase;
			buildActionMask = 2147483647;
			files = (
				07C513F419D565D300664D33 /* Main.storyboard in Resources */,
				07C513F919D565D300664D33 /* LaunchScreen.xib in Resources */,
				07C513F619D565D300664D33 /* Images.xcassets in Resources */,
			);
			runOnlyForDeploymentPostprocessing = 0;
		};
		07C513FC19D565D400664D33 /* Resources */ = {
			isa = PBXResourcesBuildPhase;
			buildActionMask = 2147483647;
			files = (
			);
			runOnlyForDeploymentPostprocessing = 0;
		};
/* End PBXResourcesBuildPhase section */

/* Begin PBXSourcesBuildPhase section */
		07C513DE19D565D300664D33 /* Sources */ = {
			isa = PBXSourcesBuildPhase;
			buildActionMask = 2147483647;
			files = (
				07C513F119D565D300664D33 /* SecondViewController.m in Sources */,
				07C513EB19D565D300664D33 /* AppDelegate.m in Sources */,
				07C513EE19D565D300664D33 /* FirstViewController.m in Sources */,
				07C513E819D565D300664D33 /* main.m in Sources */,
			);
			runOnlyForDeploymentPostprocessing = 0;
		};
		07C513FA19D565D400664D33 /* Sources */ = {
			isa = PBXSourcesBuildPhase;
			buildActionMask = 2147483647;
			files = (
				07C5140519D565D400664D33 /* ciAppTests.m in Sources */,
			);
			runOnlyForDeploymentPostprocessing = 0;
		};
/* End PBXSourcesBuildPhase section */

/* Begin PBXTargetDependency section */
		07C5140019D565D400664D33 /* PBXTargetDependency */ = {
			isa = PBXTargetDependency;
			target = 07C513E119D565D300664D33 /* ciApp */;
			targetProxy = 07C513FF19D565D400664D33 /* PBXContainerItemProxy */;
		};
/* End PBXTargetDependency section */

/* Begin PBXVariantGroup section */
		07C513F219D565D300664D33 /* Main.storyboard */ = {
			isa = PBXVariantGroup;
			children = (
				07C513F319D565D300664D33 /* Base */,
			);
			name = Main.storyboard;
			sourceTree = "<group>";
		};
		07C513F719D565D300664D33 /* LaunchScreen.xib */ = {
			isa = PBXVariantGroup;
			children = (
				07C513F819D565D300664D33 /* Base */,
			);
			name = LaunchScreen.xib;
			sourceTree = "<group>";
		};
/* End PBXVariantGroup section */

/* Begin XCBuildConfiguration section */
		07C5140619D565D400664D33 /* Debug */ = {
			isa = XCBuildConfiguration;
			buildSettings = {
				ALWAYS_SEARCH_USER_PATHS = NO;
				CLANG_CXX_LANGUAGE_STANDARD = "gnu++0x";
				CLANG_CXX_LIBRARY = "libc++";
				CLANG_ENABLE_MODULES = YES;
				CLANG_ENABLE_OBJC_ARC = YES;
				CLANG_WARN_BOOL_CONVERSION = YES;
				CLANG_WARN_CONSTANT_CONVERSION = YES;
				CLANG_WARN_DIRECT_OBJC_ISA_USAGE = YES_ERROR;
				CLANG_WARN_EMPTY_BODY = YES;
				CLANG_WARN_ENUM_CONVERSION = YES;
				CLANG_WARN_INT_CONVERSION = YES;
				CLANG_WARN_OBJC_ROOT_CLASS = YES_ERROR;
				CLANG_WARN_UNREACHABLE_CODE = YES;
				CLANG_WARN__DUPLICATE_METHOD_MATCH = YES;
				"CODE_SIGN_IDENTITY[sdk=iphoneos*]" = "iPhone Developer";
				COPY_PHASE_STRIP = NO;
				ENABLE_STRICT_OBJC_MSGSEND = YES;
				GCC_C_LANGUAGE_STANDARD = gnu99;
				GCC_DYNAMIC_NO_PIC = NO;
				GCC_OPTIMIZATION_LEVEL = 0;
				GCC_PREPROCESSOR_DEFINITIONS = (
					"DEBUG=1",
					"$(inherited)",
				);
				GCC_SYMBOLS_PRIVATE_EXTERN = NO;
				GCC_WARN_64_TO_32_BIT_CONVERSION = YES;
				GCC_WARN_ABOUT_RETURN_TYPE = YES_ERROR;
				GCC_WARN_UNDECLARED_SELECTOR = YES;
				GCC_WARN_UNINITIALIZED_AUTOS = YES_AGGRESSIVE;
				GCC_WARN_UNUSED_FUNCTION = YES;
				GCC_WARN_UNUSED_VARIABLE = YES;
				IPHONEOS_DEPLOYMENT_TARGET = 8.0;
				MTL_ENABLE_DEBUG_INFO = YES;
				ONLY_ACTIVE_ARCH = YES;
				SDKROOT = iphoneos;
				TARGETED_DEVICE_FAMILY = "1,2";
			};
			name = Debug;
		};
		07C5140719D565D400664D33 /* Release */ = {
			isa = XCBuildConfiguration;
			buildSettings = {
				ALWAYS_SEARCH_USER_PATHS = NO;
				CLANG_CXX_LANGUAGE_STANDARD = "gnu++0x";
				CLANG_CXX_LIBRARY = "libc++";
				CLANG_ENABLE_MODULES = YES;
				CLANG_ENABLE_OBJC_ARC = YES;
				CLANG_WARN_BOOL_CONVERSION = YES;
				CLANG_WARN_CONSTANT_CONVERSION = YES;
				CLANG_WARN_DIRECT_OBJC_ISA_USAGE = YES_ERROR;
				CLANG_WARN_EMPTY_BODY = YES;
				CLANG_WARN_ENUM_CONVERSION = YES;
				CLANG_WARN_INT_CONVERSION = YES;
				CLANG_WARN_OBJC_ROOT_CLASS = YES_ERROR;
				CLANG_WARN_UNREACHABLE_CODE = YES;
				CLANG_WARN__DUPLICATE_METHOD_MATCH = YES;
				"CODE_SIGN_IDENTITY[sdk=iphoneos*]" = "iPhone Developer";
				COPY_PHASE_STRIP = YES;
				ENABLE_NS_ASSERTIONS = NO;
				ENABLE_STRICT_OBJC_MSGSEND = YES;
				GCC_C_LANGUAGE_STANDARD = gnu99;
				GCC_WARN_64_TO_32_BIT_CONVERSION = YES;
				GCC_WARN_ABOUT_RETURN_TYPE = YES_ERROR;
				GCC_WARN_UNDECLARED_SELECTOR = YES;
				GCC_WARN_UNINITIALIZED_AUTOS = YES_AGGRESSIVE;
				GCC_WARN_UNUSED_FUNCTION = YES;
				GCC_WARN_UNUSED_VARIABLE = YES;
				IPHONEOS_DEPLOYMENT_TARGET = 8.0;
				MTL_ENABLE_DEBUG_INFO = NO;
				SDKROOT = iphoneos;
				TARGETED_DEVICE_FAMILY = "1,2";
				VALIDATE_PRODUCT = YES;
			};
			name = Release;
		};
		07C5140919D565D400664D33 /* Debug */ = {
			isa = XCBuildConfiguration;
			buildSettings = {
				ASSETCATALOG_COMPILER_APPICON_NAME = AppIcon;
				INFOPLIST_FILE = ciApp/Info.plist;
				LD_RUNPATH_SEARCH_PATHS = "$(inherited) @executable_path/Frameworks";
				PRODUCT_NAME = "$(TARGET_NAME)";
			};
			name = Debug;
		};
		07C5140A19D565D400664D33 /* Release */ = {
			isa = XCBuildConfiguration;
			buildSettings = {
				ASSETCATALOG_COMPILER_APPICON_NAME = AppIcon;
				INFOPLIST_FILE = ciApp/Info.plist;
				LD_RUNPATH_SEARCH_PATHS = "$(inherited) @executable_path/Frameworks";
				PRODUCT_NAME = "$(TARGET_NAME)";
			};
			name = Release;
		};
		07C5140C19D565D400664D33 /* Debug */ = {
			isa = XCBuildConfiguration;
			buildSettings = {
				BUNDLE_LOADER = "$(TEST_HOST)";
				FRAMEWORK_SEARCH_PATHS = (
					"$(SDKROOT)/Developer/Library/Frameworks",
					"$(inherited)",
				);
				GCC_PREPROCESSOR_DEFINITIONS = (
					"DEBUG=1",
					"$(inherited)",
				);
				INFOPLIST_FILE = ciAppTests/Info.plist;
				LD_RUNPATH_SEARCH_PATHS = "$(inherited) @executable_path/Frameworks @loader_path/Frameworks";
				PRODUCT_NAME = "$(TARGET_NAME)";
				TEST_HOST = "$(BUILT_PRODUCTS_DIR)/ciApp.app/ciApp";
			};
			name = Debug;
		};
		07C5140D19D565D400664D33 /* Release */ = {
			isa = XCBuildConfiguration;
			buildSettings = {
				BUNDLE_LOADER = "$(TEST_HOST)";
				FRAMEWORK_SEARCH_PATHS = (
					"$(SDKROOT)/Developer/Library/Frameworks",
					"$(inherited)",
				);
				INFOPLIST_FILE = ciAppTests/Info.plist;
				LD_RUNPATH_SEARCH_PATHS = "$(inherited) @executable_path/Frameworks @loader_path/Frameworks";
				PRODUCT_NAME = "$(TARGET_NAME)";
				TEST_HOST = "$(BUILT_PRODUCTS_DIR)/ciApp.app/ciApp";
			};
			name = Release;
		};
/* End XCBuildConfiguration section */

/* Begin XCConfigurationList section */
		07C513DD19D565D300664D33 /* Build configuration list for PBXProject "ciApp" */ = {
			isa = XCConfigurationList;
			buildConfigurations = (
				07C5140619D565D400664D33 /* Debug */,
				07C5140719D565D400664D33 /* Release */,
			);
			defaultConfigurationIsVisible = 0;
			defaultConfigurationName = Release;
		};
		07C5140819D565D400664D33 /* Build configuration list for PBXNativeTarget "ciApp" */ = {
			isa = XCConfigurationList;
			buildConfigurations = (
				07C5140919D565D400664D33 /* Debug */,
				07C5140A19D565D400664D33 /* Release */,
			);
			defaultConfigurationIsVisible = 0;
		};
		07C5140B19D565D400664D33 /* Build configuration list for PBXNativeTarget "ciAppTests" */ = {
			isa = XCConfigurationList;
			buildConfigurations = (
				07C5140C19D565D400664D33 /* Debug */,
				07C5140D19D565D400664D33 /* Release */,
			);
			defaultConfigurationIsVisible = 0;
		};
/* End XCConfigurationList section */
	};
	rootObject = 07C513DA19D565D300664D33 /* Project object */;
}
